
Microsoft Visual Studio Solution File, Format Version 12.00
# Visual Studio Version 17
VisualStudioVersion = 17.4.33213.308
MinimumVisualStudioVersion = 10.0.40219.1
Project("{FAE04EC0-301F-11D3-BF4B-00C04F79EFBC}") = "MeasurementOffsetCalculation", "MeasurementOffsetCalculation\MeasurementOffsetCalculation.csproj", "{721F786A-40F1-45C5-B6BA-53213B208746}"
EndProject
Global
	GlobalSection(SolutionConfigurationPlatforms) = preSolution
		Debug|Any CPU = Debug|Any CPU
		Release|Any CPU = Release|Any CPU
	EndGlobalSection
	GlobalSection(ProjectConfigurationPlatforms) = postSolution
		{721F786A-40F1-45C5-B6BA-53213B208746}.Debug|Any CPU.ActiveCfg = Debug|Any CPU
		{721F786A-40F1-45C5-B6BA-53213B208746}.Debug|Any CPU.Build.0 = Debug|Any CPU
		{721F786A-40F1-45C5-B6BA-53213B208746}.Release|Any CPU.ActiveCfg = Release|Any CPU
		{721F786A-40F1-45C5-B6BA-53213B208746}.Release|Any CPU.Build.0 = Release|Any CPU
	EndGlobalSection
	GlobalSection(SolutionProperties) = preSolution
		HideSolutionNode = FALSE
	EndGlobalSection
	GlobalSection(ExtensibilityGlobals) = postSolution
		SolutionGuid = {815B596C-DF51-4A77-806F-9F69BBD0F507}
	EndGlobalSection
EndGlobal
